
Microsoft Visual Studio Solution File, Format Version 12.00
# Visual Studio Version 17
VisualStudioVersion = 17.7.34009.444
MinimumVisualStudioVersion = 10.0.40219.1
Project("{9A19103F-16F7-4668-BE54-9A1E7A4F7556}") = "ILA 1 Projekt (Namen Datenbank)", "ILA 1 Projekt (Namen Datenbank).csproj", "{28D6B819-E43F-420B-B087-3F54C06E6DBF}"
EndProject
Global
	GlobalSection(SolutionConfigurationPlatforms) = preSolution
		Debug|Any CPU = Debug|Any CPU
		Release|Any CPU = Release|Any CPU
	EndGlobalSection
	GlobalSection(ProjectConfigurationPlatforms) = postSolution
		{28D6B819-E43F-420B-B087-3F54C06E6DBF}.Debug|Any CPU.ActiveCfg = Debug|Any CPU
		{28D6B819-E43F-420B-B087-3F54C06E6DBF}.Debug|Any CPU.Build.0 = Debug|Any CPU
		{28D6B819-E43F-420B-B087-3F54C06E6DBF}.Release|Any CPU.ActiveCfg = Release|Any CPU
		{28D6B819-E43F-420B-B087-3F54C06E6DBF}.Release|Any CPU.Build.0 = Release|Any CPU
	EndGlobalSection
	GlobalSection(SolutionProperties) = preSolution
		HideSolutionNode = FALSE
	EndGlobalSection
	GlobalSection(ExtensibilityGlobals) = postSolution
		SolutionGuid = {78C9907B-43BC-42BC-B49A-88534DCE5C53}
	EndGlobalSection
EndGlobal
